// !$*UTF8*$!
{
	archiveVersion = 1;
	classes = {
	};
	objectVersion = 50;
	objects = {

/* Begin PBXBuildFile section */
		1DAA031D2330FA4E00C7789D /* AppDelegate.swift in Sources */ = {isa = PBXBuildFile; fileRef = 1DAA031C2330FA4E00C7789D /* AppDelegate.swift */; };
		1DAA03242330FA5000C7789D /* Assets.xcassets in Resources */ = {isa = PBXBuildFile; fileRef = 1DAA03232330FA5000C7789D /* Assets.xcassets */; };
		1DAA03272330FA5000C7789D /* LaunchScreen.storyboard in Resources */ = {isa = PBXBuildFile; fileRef = 1DAA03252330FA5000C7789D /* LaunchScreen.storyboard */; };
		1DAA03322330FA5000C7789D /* ArticlesViewerTests.swift in Sources */ = {isa = PBXBuildFile; fileRef = 1DAA03312330FA5000C7789D /* ArticlesViewerTests.swift */; };
		1DAA033F233103E900C7789D /* Endpoints.swift in Sources */ = {isa = PBXBuildFile; fileRef = 1DAA033E233103E900C7789D /* Endpoints.swift */; };
		1DAA03442331051600C7789D /* Article.swift in Sources */ = {isa = PBXBuildFile; fileRef = 1DAA03432331051600C7789D /* Article.swift */; };
		1DAA03462331057500C7789D /* Mapping.swift in Sources */ = {isa = PBXBuildFile; fileRef = 1DAA03452331057500C7789D /* Mapping.swift */; };
		1DAA034823310A7E00C7789D /* Sender.swift in Sources */ = {isa = PBXBuildFile; fileRef = 1DAA034723310A7E00C7789D /* Sender.swift */; };
		1DAA034A23310CF700C7789D /* MappingSet.swift in Sources */ = {isa = PBXBuildFile; fileRef = 1DAA034923310CF700C7789D /* MappingSet.swift */; };
		1DAA034C23310D3B00C7789D /* ArticleFetcher.swift in Sources */ = {isa = PBXBuildFile; fileRef = 1DAA034B23310D3B00C7789D /* ArticleFetcher.swift */; };
		1DAA034E233113DF00C7789D /* Codable+Extensions.swift in Sources */ = {isa = PBXBuildFile; fileRef = 1DAA034D233113DF00C7789D /* Codable+Extensions.swift */; };
		1DAA03502331141000C7789D /* MappingFetcher.swift in Sources */ = {isa = PBXBuildFile; fileRef = 1DAA034F2331141000C7789D /* MappingFetcher.swift */; };
		1DAA03522331155600C7789D /* MappingSetFetcher.swift in Sources */ = {isa = PBXBuildFile; fileRef = 1DAA03512331155600C7789D /* MappingSetFetcher.swift */; };
		1DAA03592331160200C7789D /* Articles.storyboard in Resources */ = {isa = PBXBuildFile; fileRef = 1DAA03582331160200C7789D /* Articles.storyboard */; };
		1DAA035B2331162600C7789D /* ArticlesViewController.swift in Sources */ = {isa = PBXBuildFile; fileRef = 1DAA035A2331162600C7789D /* ArticlesViewController.swift */; };
		1DAA035E2331176800C7789D /* TextLableCell.swift in Sources */ = {isa = PBXBuildFile; fileRef = 1DAA035D2331176800C7789D /* TextLableCell.swift */; };
		1DAA036023311A8400C7789D /* ArticlesInteractor.swift in Sources */ = {isa = PBXBuildFile; fileRef = 1DAA035F23311A8400C7789D /* ArticlesInteractor.swift */; };
		1DAA036223311DB100C7789D /* ArticleBuilder.swift in Sources */ = {isa = PBXBuildFile; fileRef = 1DAA036123311DB100C7789D /* ArticleBuilder.swift */; };
		1DAA0364233121DD00C7789D /* Tags.storyboard in Resources */ = {isa = PBXBuildFile; fileRef = 1DAA0363233121DD00C7789D /* Tags.storyboard */; };
		1DAA0366233121E900C7789D /* TagsViewController.swift in Sources */ = {isa = PBXBuildFile; fileRef = 1DAA0365233121E900C7789D /* TagsViewController.swift */; };
		1DAA0368233121F200C7789D /* TagsBuilder.swift in Sources */ = {isa = PBXBuildFile; fileRef = 1DAA0367233121F200C7789D /* TagsBuilder.swift */; };
		1DAA036A233121FA00C7789D /* TagsInteractor.swift in Sources */ = {isa = PBXBuildFile; fileRef = 1DAA0369233121FA00C7789D /* TagsInteractor.swift */; };
		1DAA036C233138F300C7789D /* TextLabelCellViewModel+Extensions.swift in Sources */ = {isa = PBXBuildFile; fileRef = 1DAA036B233138F300C7789D /* TextLabelCellViewModel+Extensions.swift */; };
/* End PBXBuildFile section */

/* Begin PBXContainerItemProxy section */
		1DAA032E2330FA5000C7789D /* PBXContainerItemProxy */ = {
			isa = PBXContainerItemProxy;
			containerPortal = 1DAA03112330FA4E00C7789D /* Project object */;
			proxyType = 1;
			remoteGlobalIDString = 1DAA03182330FA4E00C7789D;
			remoteInfo = ArticlesViewer;
		};
/* End PBXContainerItemProxy section */

/* Begin PBXFileReference section */
		1DAA03192330FA4E00C7789D /* ArticlesViewer.app */ = {isa = PBXFileReference; explicitFileType = wrapper.application; includeInIndex = 0; path = ArticlesViewer.app; sourceTree = BUILT_PRODUCTS_DIR; };
		1DAA031C2330FA4E00C7789D /* AppDelegate.swift */ = {isa = PBXFileReference; lastKnownFileType = sourcecode.swift; path = AppDelegate.swift; sourceTree = "<group>"; };
		1DAA03232330FA5000C7789D /* Assets.xcassets */ = {isa = PBXFileReference; lastKnownFileType = folder.assetcatalog; path = Assets.xcassets; sourceTree = "<group>"; };
		1DAA03262330FA5000C7789D /* Base */ = {isa = PBXFileReference; lastKnownFileType = file.storyboard; name = Base; path = Base.lproj/LaunchScreen.storyboard; sourceTree = "<group>"; };
		1DAA03282330FA5000C7789D /* Info.plist */ = {isa = PBXFileReference; lastKnownFileType = text.plist.xml; path = Info.plist; sourceTree = "<group>"; };
		1DAA032D2330FA5000C7789D /* ArticlesViewerTests.xctest */ = {isa = PBXFileReference; explicitFileType = wrapper.cfbundle; includeInIndex = 0; path = ArticlesViewerTests.xctest; sourceTree = BUILT_PRODUCTS_DIR; };
		1DAA03312330FA5000C7789D /* ArticlesViewerTests.swift */ = {isa = PBXFileReference; lastKnownFileType = sourcecode.swift; path = ArticlesViewerTests.swift; sourceTree = "<group>"; };
		1DAA03332330FA5000C7789D /* Info.plist */ = {isa = PBXFileReference; lastKnownFileType = text.plist.xml; path = Info.plist; sourceTree = "<group>"; };
		1DAA033E233103E900C7789D /* Endpoints.swift */ = {isa = PBXFileReference; lastKnownFileType = sourcecode.swift; path = Endpoints.swift; sourceTree = "<group>"; };
		1DAA03432331051600C7789D /* Article.swift */ = {isa = PBXFileReference; lastKnownFileType = sourcecode.swift; path = Article.swift; sourceTree = "<group>"; };
		1DAA03452331057500C7789D /* Mapping.swift */ = {isa = PBXFileReference; lastKnownFileType = sourcecode.swift; path = Mapping.swift; sourceTree = "<group>"; };
		1DAA034723310A7E00C7789D /* Sender.swift */ = {isa = PBXFileReference; lastKnownFileType = sourcecode.swift; path = Sender.swift; sourceTree = "<group>"; };
		1DAA034923310CF700C7789D /* MappingSet.swift */ = {isa = PBXFileReference; lastKnownFileType = sourcecode.swift; path = MappingSet.swift; sourceTree = "<group>"; };
		1DAA034B23310D3B00C7789D /* ArticleFetcher.swift */ = {isa = PBXFileReference; lastKnownFileType = sourcecode.swift; path = ArticleFetcher.swift; sourceTree = "<group>"; };
		1DAA034D233113DF00C7789D /* Codable+Extensions.swift */ = {isa = PBXFileReference; lastKnownFileType = sourcecode.swift; path = "Codable+Extensions.swift"; sourceTree = "<group>"; };
		1DAA034F2331141000C7789D /* MappingFetcher.swift */ = {isa = PBXFileReference; lastKnownFileType = sourcecode.swift; path = MappingFetcher.swift; sourceTree = "<group>"; };
		1DAA03512331155600C7789D /* MappingSetFetcher.swift */ = {isa = PBXFileReference; lastKnownFileType = sourcecode.swift; path = MappingSetFetcher.swift; sourceTree = "<group>"; };
		1DAA03582331160200C7789D /* Articles.storyboard */ = {isa = PBXFileReference; lastKnownFileType = file.storyboard; path = Articles.storyboard; sourceTree = "<group>"; };
		1DAA035A2331162600C7789D /* ArticlesViewController.swift */ = {isa = PBXFileReference; lastKnownFileType = sourcecode.swift; path = ArticlesViewController.swift; sourceTree = "<group>"; };
		1DAA035D2331176800C7789D /* TextLableCell.swift */ = {isa = PBXFileReference; lastKnownFileType = sourcecode.swift; path = TextLableCell.swift; sourceTree = "<group>"; };
		1DAA035F23311A8400C7789D /* ArticlesInteractor.swift */ = {isa = PBXFileReference; lastKnownFileType = sourcecode.swift; path = ArticlesInteractor.swift; sourceTree = "<group>"; };
		1DAA036123311DB100C7789D /* ArticleBuilder.swift */ = {isa = PBXFileReference; lastKnownFileType = sourcecode.swift; path = ArticleBuilder.swift; sourceTree = "<group>"; };
		1DAA0363233121DD00C7789D /* Tags.storyboard */ = {isa = PBXFileReference; lastKnownFileType = file.storyboard; path = Tags.storyboard; sourceTree = "<group>"; };
		1DAA0365233121E900C7789D /* TagsViewController.swift */ = {isa = PBXFileReference; lastKnownFileType = sourcecode.swift; path = TagsViewController.swift; sourceTree = "<group>"; };
		1DAA0367233121F200C7789D /* TagsBuilder.swift */ = {isa = PBXFileReference; lastKnownFileType = sourcecode.swift; path = TagsBuilder.swift; sourceTree = "<group>"; };
		1DAA0369233121FA00C7789D /* TagsInteractor.swift */ = {isa = PBXFileReference; lastKnownFileType = sourcecode.swift; path = TagsInteractor.swift; sourceTree = "<group>"; };
		1DAA036B233138F300C7789D /* TextLabelCellViewModel+Extensions.swift */ = {isa = PBXFileReference; lastKnownFileType = sourcecode.swift; path = "TextLabelCellViewModel+Extensions.swift"; sourceTree = "<group>"; };
/* End PBXFileReference section */

/* Begin PBXFrameworksBuildPhase section */
		1DAA03162330FA4E00C7789D /* Frameworks */ = {
			isa = PBXFrameworksBuildPhase;
			buildActionMask = 2147483647;
			files = (
			);
			runOnlyForDeploymentPostprocessing = 0;
		};
		1DAA032A2330FA5000C7789D /* Frameworks */ = {
			isa = PBXFrameworksBuildPhase;
			buildActionMask = 2147483647;
			files = (
			);
			runOnlyForDeploymentPostprocessing = 0;
		};
/* End PBXFrameworksBuildPhase section */

/* Begin PBXGroup section */
		1DAA03102330FA4E00C7789D = {
			isa = PBXGroup;
			children = (
				1DAA031B2330FA4E00C7789D /* ArticlesViewer */,
				1DAA03302330FA5000C7789D /* ArticlesViewerTests */,
				1DAA031A2330FA4E00C7789D /* Products */,
			);
			sourceTree = "<group>";
		};
		1DAA031A2330FA4E00C7789D /* Products */ = {
			isa = PBXGroup;
			children = (
				1DAA03192330FA4E00C7789D /* ArticlesViewer.app */,
				1DAA032D2330FA5000C7789D /* ArticlesViewerTests.xctest */,
			);
			name = Products;
			sourceTree = "<group>";
		};
		1DAA031B2330FA4E00C7789D /* ArticlesViewer */ = {
			isa = PBXGroup;
			children = (
				1DAA035C2331172900C7789D /* Cells */,
				1DAA0353233115C500C7789D /* Modules */,
				1DAA033C2331039B00C7789D /* API */,
				1DAA031C2330FA4E00C7789D /* AppDelegate.swift */,
				1DAA03232330FA5000C7789D /* Assets.xcassets */,
				1DAA03252330FA5000C7789D /* LaunchScreen.storyboard */,
				1DAA03282330FA5000C7789D /* Info.plist */,
			);
			path = ArticlesViewer;
			sourceTree = "<group>";
		};
		1DAA03302330FA5000C7789D /* ArticlesViewerTests */ = {
			isa = PBXGroup;
			children = (
				1DAA03312330FA5000C7789D /* ArticlesViewerTests.swift */,
				1DAA03332330FA5000C7789D /* Info.plist */,
			);
			path = ArticlesViewerTests;
			sourceTree = "<group>";
		};
		1DAA033C2331039B00C7789D /* API */ = {
			isa = PBXGroup;
			children = (
				1DAA034D233113DF00C7789D /* Codable+Extensions.swift */,
				1DAA033E233103E900C7789D /* Endpoints.swift */,
				1DAA03422331050900C7789D /* Models */,
				1DAA0340233104F000C7789D /* Fetchers */,
				1DAA034723310A7E00C7789D /* Sender.swift */,
			);
			path = API;
			sourceTree = "<group>";
		};
		1DAA0340233104F000C7789D /* Fetchers */ = {
			isa = PBXGroup;
			children = (
				1DAA034B23310D3B00C7789D /* ArticleFetcher.swift */,
				1DAA034F2331141000C7789D /* MappingFetcher.swift */,
				1DAA03512331155600C7789D /* MappingSetFetcher.swift */,
			);
			path = Fetchers;
			sourceTree = "<group>";
		};
		1DAA03422331050900C7789D /* Models */ = {
			isa = PBXGroup;
			children = (
				1DAA03432331051600C7789D /* Article.swift */,
				1DAA03452331057500C7789D /* Mapping.swift */,
				1DAA034923310CF700C7789D /* MappingSet.swift */,
			);
			path = Models;
			sourceTree = "<group>";
		};
		1DAA0353233115C500C7789D /* Modules */ = {
			isa = PBXGroup;
			children = (
				1DAA0357233115E400C7789D /* Tags */,
				1DAA0356233115DB00C7789D /* Articles */,
			);
			path = Modules;
			sourceTree = "<group>";
		};
		1DAA0356233115DB00C7789D /* Articles */ = {
			isa = PBXGroup;
			children = (
				1DAA03582331160200C7789D /* Articles.storyboard */,
				1DAA035A2331162600C7789D /* ArticlesViewController.swift */,
				1DAA035F23311A8400C7789D /* ArticlesInteractor.swift */,
				1DAA036123311DB100C7789D /* ArticleBuilder.swift */,
			);
			path = Articles;
			sourceTree = "<group>";
		};
		1DAA0357233115E400C7789D /* Tags */ = {
			isa = PBXGroup;
			children = (
				1DAA0363233121DD00C7789D /* Tags.storyboard */,
				1DAA0365233121E900C7789D /* TagsViewController.swift */,
				1DAA0367233121F200C7789D /* TagsBuilder.swift */,
				1DAA0369233121FA00C7789D /* TagsInteractor.swift */,
				1DAA036B233138F300C7789D /* TextLabelCellViewModel+Extensions.swift */,
			);
			path = Tags;
			sourceTree = "<group>";
		};
		1DAA035C2331172900C7789D /* Cells */ = {
			isa = PBXGroup;
			children = (
				1DAA035D2331176800C7789D /* TextLableCell.swift */,
			);
			path = Cells;
			sourceTree = "<group>";
		};
/* End PBXGroup section */

/* Begin PBXNativeTarget section */
		1DAA03182330FA4E00C7789D /* ArticlesViewer */ = {
			isa = PBXNativeTarget;
			buildConfigurationList = 1DAA03362330FA5000C7789D /* Build configuration list for PBXNativeTarget "ArticlesViewer" */;
			buildPhases = (
				1DAA03152330FA4E00C7789D /* Sources */,
				1DAA03162330FA4E00C7789D /* Frameworks */,
				1DAA03172330FA4E00C7789D /* Resources */,
			);
			buildRules = (
			);
			dependencies = (
			);
			name = ArticlesViewer;
			productName = ArticlesViewer;
			productReference = 1DAA03192330FA4E00C7789D /* ArticlesViewer.app */;
			productType = "com.apple.product-type.application";
		};
		1DAA032C2330FA5000C7789D /* ArticlesViewerTests */ = {
			isa = PBXNativeTarget;
			buildConfigurationList = 1DAA03392330FA5000C7789D /* Build configuration list for PBXNativeTarget "ArticlesViewerTests" */;
			buildPhases = (
				1DAA03292330FA5000C7789D /* Sources */,
				1DAA032A2330FA5000C7789D /* Frameworks */,
				1DAA032B2330FA5000C7789D /* Resources */,
			);
			buildRules = (
			);
			dependencies = (
				1DAA032F2330FA5000C7789D /* PBXTargetDependency */,
			);
			name = ArticlesViewerTests;
			productName = ArticlesViewerTests;
			productReference = 1DAA032D2330FA5000C7789D /* ArticlesViewerTests.xctest */;
			productType = "com.apple.product-type.bundle.unit-test";
		};
/* End PBXNativeTarget section */

/* Begin PBXProject section */
		1DAA03112330FA4E00C7789D /* Project object */ = {
			isa = PBXProject;
			attributes = {
				LastSwiftUpdateCheck = 1030;
				LastUpgradeCheck = 1030;
				ORGANIZATIONNAME = lisnicvictor;
				TargetAttributes = {
					1DAA03182330FA4E00C7789D = {
						CreatedOnToolsVersion = 10.3;
					};
					1DAA032C2330FA5000C7789D = {
						CreatedOnToolsVersion = 10.3;
						TestTargetID = 1DAA03182330FA4E00C7789D;
					};
				};
			};
			buildConfigurationList = 1DAA03142330FA4E00C7789D /* Build configuration list for PBXProject "ArticlesViewer" */;
			compatibilityVersion = "Xcode 9.3";
			developmentRegion = en;
			hasScannedForEncodings = 0;
			knownRegions = (
				en,
				Base,
			);
			mainGroup = 1DAA03102330FA4E00C7789D;
			productRefGroup = 1DAA031A2330FA4E00C7789D /* Products */;
			projectDirPath = "";
			projectRoot = "";
			targets = (
				1DAA03182330FA4E00C7789D /* ArticlesViewer */,
				1DAA032C2330FA5000C7789D /* ArticlesViewerTests */,
			);
		};
/* End PBXProject section */

/* Begin PBXResourcesBuildPhase section */
		1DAA03172330FA4E00C7789D /* Resources */ = {
			isa = PBXResourcesBuildPhase;
			buildActionMask = 2147483647;
			files = (
				1DAA03272330FA5000C7789D /* LaunchScreen.storyboard in Resources */,
				1DAA0364233121DD00C7789D /* Tags.storyboard in Resources */,
				1DAA03592331160200C7789D /* Articles.storyboard in Resources */,
				1DAA03242330FA5000C7789D /* Assets.xcassets in Resources */,
			);
			runOnlyForDeploymentPostprocessing = 0;
		};
		1DAA032B2330FA5000C7789D /* Resources */ = {
			isa = PBXResourcesBuildPhase;
			buildActionMask = 2147483647;
			files = (
			);
			runOnlyForDeploymentPostprocessing = 0;
		};
/* End PBXResourcesBuildPhase section */

/* Begin PBXSourcesBuildPhase section */
		1DAA03152330FA4E00C7789D /* Sources */ = {
			isa = PBXSourcesBuildPhase;
			buildActionMask = 2147483647;
			files = (
				1DAA036C233138F300C7789D /* TextLabelCellViewModel+Extensions.swift in Sources */,
				1DAA035E2331176800C7789D /* TextLableCell.swift in Sources */,
				1DAA034A23310CF700C7789D /* MappingSet.swift in Sources */,
				1DAA0368233121F200C7789D /* TagsBuilder.swift in Sources */,
				1DAA0366233121E900C7789D /* TagsViewController.swift in Sources */,
				1DAA03442331051600C7789D /* Article.swift in Sources */,
				1DAA034E233113DF00C7789D /* Codable+Extensions.swift in Sources */,
				1DAA033F233103E900C7789D /* Endpoints.swift in Sources */,
				1DAA034C23310D3B00C7789D /* ArticleFetcher.swift in Sources */,
				1DAA036023311A8400C7789D /* ArticlesInteractor.swift in Sources */,
				1DAA036223311DB100C7789D /* ArticleBuilder.swift in Sources */,
				1DAA03502331141000C7789D /* MappingFetcher.swift in Sources */,
				1DAA031D2330FA4E00C7789D /* AppDelegate.swift in Sources */,
				1DAA034823310A7E00C7789D /* Sender.swift in Sources */,
				1DAA035B2331162600C7789D /* ArticlesViewController.swift in Sources */,
				1DAA03462331057500C7789D /* Mapping.swift in Sources */,
				1DAA036A233121FA00C7789D /* TagsInteractor.swift in Sources */,
				1DAA03522331155600C7789D /* MappingSetFetcher.swift in Sources */,
			);
			runOnlyForDeploymentPostprocessing = 0;
		};
		1DAA03292330FA5000C7789D /* Sources */ = {
			isa = PBXSourcesBuildPhase;
			buildActionMask = 2147483647;
			files = (
				1DAA03322330FA5000C7789D /* ArticlesViewerTests.swift in Sources */,
			);
			runOnlyForDeploymentPostprocessing = 0;
		};
/* End PBXSourcesBuildPhase section */

/* Begin PBXTargetDependency section */
		1DAA032F2330FA5000C7789D /* PBXTargetDependency */ = {
			isa = PBXTargetDependency;
			target = 1DAA03182330FA4E00C7789D /* ArticlesViewer */;
			targetProxy = 1DAA032E2330FA5000C7789D /* PBXContainerItemProxy */;
		};
/* End PBXTargetDependency section */

/* Begin PBXVariantGroup section */
		1DAA03252330FA5000C7789D /* LaunchScreen.storyboard */ = {
			isa = PBXVariantGroup;
			children = (
				1DAA03262330FA5000C7789D /* Base */,
			);
			name = LaunchScreen.storyboard;
			sourceTree = "<group>";
		};
/* End PBXVariantGroup section */

/* Begin XCBuildConfiguration section */
		1DAA03342330FA5000C7789D /* Debug */ = {
			isa = XCBuildConfiguration;
			buildSettings = {
				ALWAYS_SEARCH_USER_PATHS = NO;
				CLANG_ANALYZER_NONNULL = YES;
				CLANG_ANALYZER_NUMBER_OBJECT_CONVERSION = YES_AGGRESSIVE;
				CLANG_CXX_LANGUAGE_STANDARD = "gnu++14";
				CLANG_CXX_LIBRARY = "libc++";
				CLANG_ENABLE_MODULES = YES;
				CLANG_ENABLE_OBJC_ARC = YES;
				CLANG_ENABLE_OBJC_WEAK = YES;
				CLANG_WARN_BLOCK_CAPTURE_AUTORELEASING = YES;
				CLANG_WARN_BOOL_CONVERSION = YES;
				CLANG_WARN_COMMA = YES;
				CLANG_WARN_CONSTANT_CONVERSION = YES;
				CLANG_WARN_DEPRECATED_OBJC_IMPLEMENTATIONS = YES;
				CLANG_WARN_DIRECT_OBJC_ISA_USAGE = YES_ERROR;
				CLANG_WARN_DOCUMENTATION_COMMENTS = YES;
				CLANG_WARN_EMPTY_BODY = YES;
				CLANG_WARN_ENUM_CONVERSION = YES;
				CLANG_WARN_INFINITE_RECURSION = YES;
				CLANG_WARN_INT_CONVERSION = YES;
				CLANG_WARN_NON_LITERAL_NULL_CONVERSION = YES;
				CLANG_WARN_OBJC_IMPLICIT_RETAIN_SELF = YES;
				CLANG_WARN_OBJC_LITERAL_CONVERSION = YES;
				CLANG_WARN_OBJC_ROOT_CLASS = YES_ERROR;
				CLANG_WARN_RANGE_LOOP_ANALYSIS = YES;
				CLANG_WARN_STRICT_PROTOTYPES = YES;
				CLANG_WARN_SUSPICIOUS_MOVE = YES;
				CLANG_WARN_UNGUARDED_AVAILABILITY = YES_AGGRESSIVE;
				CLANG_WARN_UNREACHABLE_CODE = YES;
				CLANG_WARN__DUPLICATE_METHOD_MATCH = YES;
				CODE_SIGN_IDENTITY = "iPhone Developer";
				COPY_PHASE_STRIP = NO;
				DEBUG_INFORMATION_FORMAT = dwarf;
				ENABLE_STRICT_OBJC_MSGSEND = YES;
				ENABLE_TESTABILITY = YES;
				GCC_C_LANGUAGE_STANDARD = gnu11;
				GCC_DYNAMIC_NO_PIC = NO;
				GCC_NO_COMMON_BLOCKS = YES;
				GCC_OPTIMIZATION_LEVEL = 0;
				GCC_PREPROCESSOR_DEFINITIONS = (
					"DEBUG=1",
					"$(inherited)",
				);
				GCC_WARN_64_TO_32_BIT_CONVERSION = YES;
				GCC_WARN_ABOUT_RETURN_TYPE = YES_ERROR;
				GCC_WARN_UNDECLARED_SELECTOR = YES;
				GCC_WARN_UNINITIALIZED_AUTOS = YES_AGGRESSIVE;
				GCC_WARN_UNUSED_FUNCTION = YES;
				GCC_WARN_UNUSED_VARIABLE = YES;
				IPHONEOS_DEPLOYMENT_TARGET = 12.4;
				MTL_ENABLE_DEBUG_INFO = INCLUDE_SOURCE;
				MTL_FAST_MATH = YES;
				ONLY_ACTIVE_ARCH = YES;
				SDKROOT = iphoneos;
				SWIFT_ACTIVE_COMPILATION_CONDITIONS = DEBUG;
				SWIFT_OPTIMIZATION_LEVEL = "-Onone";
			};
			name = Debug;
		};
		1DAA03352330FA5000C7789D /* Release */ = {
			isa = XCBuildConfiguration;
			buildSettings = {
				ALWAYS_SEARCH_USER_PATHS = NO;
				CLANG_ANALYZER_NONNULL = YES;
				CLANG_ANALYZER_NUMBER_OBJECT_CONVERSION = YES_AGGRESSIVE;
				CLANG_CXX_LANGUAGE_STANDARD = "gnu++14";
				CLANG_CXX_LIBRARY = "libc++";
				CLANG_ENABLE_MODULES = YES;
				CLANG_ENABLE_OBJC_ARC = YES;
				CLANG_ENABLE_OBJC_WEAK = YES;
				CLANG_WARN_BLOCK_CAPTURE_AUTORELEASING = YES;
				CLANG_WARN_BOOL_CONVERSION = YES;
				CLANG_WARN_COMMA = YES;
				CLANG_WARN_CONSTANT_CONVERSION = YES;
				CLANG_WARN_DEPRECATED_OBJC_IMPLEMENTATIONS = YES;
				CLANG_WARN_DIRECT_OBJC_ISA_USAGE = YES_ERROR;
				CLANG_WARN_DOCUMENTATION_COMMENTS = YES;
				CLANG_WARN_EMPTY_BODY = YES;
				CLANG_WARN_ENUM_CONVERSION = YES;
				CLANG_WARN_INFINITE_RECURSION = YES;
				CLANG_WARN_INT_CONVERSION = YES;
				CLANG_WARN_NON_LITERAL_NULL_CONVERSION = YES;
				CLANG_WARN_OBJC_IMPLICIT_RETAIN_SELF = YES;
				CLANG_WARN_OBJC_LITERAL_CONVERSION = YES;
				CLANG_WARN_OBJC_ROOT_CLASS = YES_ERROR;
				CLANG_WARN_RANGE_LOOP_ANALYSIS = YES;
				CLANG_WARN_STRICT_PROTOTYPES = YES;
				CLANG_WARN_SUSPICIOUS_MOVE = YES;
				CLANG_WARN_UNGUARDED_AVAILABILITY = YES_AGGRESSIVE;
				CLANG_WARN_UNREACHABLE_CODE = YES;
				CLANG_WARN__DUPLICATE_METHOD_MATCH = YES;
				CODE_SIGN_IDENTITY = "iPhone Developer";
				COPY_PHASE_STRIP = NO;
				DEBUG_INFORMATION_FORMAT = "dwarf-with-dsym";
				ENABLE_NS_ASSERTIONS = NO;
				ENABLE_STRICT_OBJC_MSGSEND = YES;
				GCC_C_LANGUAGE_STANDARD = gnu11;
				GCC_NO_COMMON_BLOCKS = YES;
				GCC_WARN_64_TO_32_BIT_CONVERSION = YES;
				GCC_WARN_ABOUT_RETURN_TYPE = YES_ERROR;
				GCC_WARN_UNDECLARED_SELECTOR = YES;
				GCC_WARN_UNINITIALIZED_AUTOS = YES_AGGRESSIVE;
				GCC_WARN_UNUSED_FUNCTION = YES;
				GCC_WARN_UNUSED_VARIABLE = YES;
				IPHONEOS_DEPLOYMENT_TARGET = 12.4;
				MTL_ENABLE_DEBUG_INFO = NO;
				MTL_FAST_MATH = YES;
				SDKROOT = iphoneos;
				SWIFT_COMPILATION_MODE = wholemodule;
				SWIFT_OPTIMIZATION_LEVEL = "-O";
				VALIDATE_PRODUCT = YES;
			};
			name = Release;
		};
		1DAA03372330FA5000C7789D /* Debug */ = {
			isa = XCBuildConfiguration;
			buildSettings = {
				ASSETCATALOG_COMPILER_APPICON_NAME = AppIcon;
				CODE_SIGN_STYLE = Automatic;
				DEVELOPMENT_TEAM = XHABN8J3V3;
				INFOPLIST_FILE = ArticlesViewer/Info.plist;
				LD_RUNPATH_SEARCH_PATHS = (
					"$(inherited)",
					"@executable_path/Frameworks",
				);
				PRODUCT_BUNDLE_IDENTIFIER = "com.-lisnicvictor.ArticlesViewer";
				PRODUCT_NAME = "$(TARGET_NAME)";
				SWIFT_VERSION = 5.0;
				TARGETED_DEVICE_FAMILY = "1,2";
			};
			name = Debug;
		};
		1DAA03382330FA5000C7789D /* Release */ = {
			isa = XCBuildConfiguration;
			buildSettings = {
				ASSETCATALOG_COMPILER_APPICON_NAME = AppIcon;
				CODE_SIGN_STYLE = Automatic;
				DEVELOPMENT_TEAM = XHABN8J3V3;
				INFOPLIST_FILE = ArticlesViewer/Info.plist;
				LD_RUNPATH_SEARCH_PATHS = (
					"$(inherited)",
					"@executable_path/Frameworks",
				);
				PRODUCT_BUNDLE_IDENTIFIER = "com.-lisnicvictor.ArticlesViewer";
				PRODUCT_NAME = "$(TARGET_NAME)";
				SWIFT_VERSION = 5.0;
				TARGETED_DEVICE_FAMILY = "1,2";
			};
			name = Release;
		};
		1DAA033A2330FA5000C7789D /* Debug */ = {
			isa = XCBuildConfiguration;
			buildSettings = {
				ALWAYS_EMBED_SWIFT_STANDARD_LIBRARIES = YES;
				BUNDLE_LOADER = "$(TEST_HOST)";
				CODE_SIGN_STYLE = Automatic;
				DEVELOPMENT_TEAM = XHABN8J3V3;
				INFOPLIST_FILE = ArticlesViewerTests/Info.plist;
				LD_RUNPATH_SEARCH_PATHS = (
					"$(inherited)",
					"@executable_path/Frameworks",
					"@loader_path/Frameworks",
				);
				PRODUCT_BUNDLE_IDENTIFIER = "com.-lisnicvictor.ArticlesViewerTests";
				PRODUCT_NAME = "$(TARGET_NAME)";
				SWIFT_VERSION = 5.0;
				TARGETED_DEVICE_FAMILY = "1,2";
				TEST_HOST = "$(BUILT_PRODUCTS_DIR)/ArticlesViewer.app/ArticlesViewer";
			};
			name = Debug;
		};
		1DAA033B2330FA5000C7789D /* Release */ = {
			isa = XCBuildConfiguration;
			buildSettings = {
				ALWAYS_EMBED_SWIFT_STANDARD_LIBRARIES = YES;
				BUNDLE_LOADER = "$(TEST_HOST)";
				CODE_SIGN_STYLE = Automatic;
				DEVELOPMENT_TEAM = XHABN8J3V3;
				INFOPLIST_FILE = ArticlesViewerTests/Info.plist;
				LD_RUNPATH_SEARCH_PATHS = (
					"$(inherited)",
					"@executable_path/Frameworks",
					"@loader_path/Frameworks",
				);
				PRODUCT_BUNDLE_IDENTIFIER = "com.-lisnicvictor.ArticlesViewerTests";
				PRODUCT_NAME = "$(TARGET_NAME)";
				SWIFT_VERSION = 5.0;
				TARGETED_DEVICE_FAMILY = "1,2";
				TEST_HOST = "$(BUILT_PRODUCTS_DIR)/ArticlesViewer.app/ArticlesViewer";
			};
			name = Release;
		};
/* End XCBuildConfiguration section */

/* Begin XCConfigurationList section */
		1DAA03142330FA4E00C7789D /* Build configuration list for PBXProject "ArticlesViewer" */ = {
			isa = XCConfigurationList;
			buildConfigurations = (
				1DAA03342330FA5000C7789D /* Debug */,
				1DAA03352330FA5000C7789D /* Release */,
			);
			defaultConfigurationIsVisible = 0;
			defaultConfigurationName = Release;
		};
		1DAA03362330FA5000C7789D /* Build configuration list for PBXNativeTarget "ArticlesViewer" */ = {
			isa = XCConfigurationList;
			buildConfigurations = (
				1DAA03372330FA5000C7789D /* Debug */,
				1DAA03382330FA5000C7789D /* Release */,
			);
			defaultConfigurationIsVisible = 0;
			defaultConfigurationName = Release;
		};
		1DAA03392330FA5000C7789D /* Build configuration list for PBXNativeTarget "ArticlesViewerTests" */ = {
			isa = XCConfigurationList;
			buildConfigurations = (
				1DAA033A2330FA5000C7789D /* Debug */,
				1DAA033B2330FA5000C7789D /* Release */,
			);
			defaultConfigurationIsVisible = 0;
			defaultConfigurationName = Release;
		};
/* End XCConfigurationList section */
	};
	rootObject = 1DAA03112330FA4E00C7789D /* Project object */;
}
